
Microsoft Visual Studio Solution File, Format Version 12.00
# Visual Studio Version 17
VisualStudioVersion = 17.5.002.0
MinimumVisualStudioVersion = 10.0.40219.1
Project("{9A19103F-16F7-4668-BE54-9A1E7A4F7556}") = "BryanAMiniChallenge2_EndpointMVC", "BryanAMiniChallenge2_EndpointMVC.csproj", "{38A863E1-82FF-4931-9B65-7EC3355E9CDA}"
EndProject
Global
	GlobalSection(SolutionConfigurationPlatforms) = preSolution
		Debug|Any CPU = Debug|Any CPU
		Release|Any CPU = Release|Any CPU
	EndGlobalSection
	GlobalSection(ProjectConfigurationPlatforms) = postSolution
		{38A863E1-82FF-4931-9B65-7EC3355E9CDA}.Debug|Any CPU.ActiveCfg = Debug|Any CPU
		{38A863E1-82FF-4931-9B65-7EC3355E9CDA}.Debug|Any CPU.Build.0 = Debug|Any CPU
		{38A863E1-82FF-4931-9B65-7EC3355E9CDA}.Release|Any CPU.ActiveCfg = Release|Any CPU
		{38A863E1-82FF-4931-9B65-7EC3355E9CDA}.Release|Any CPU.Build.0 = Release|Any CPU
	EndGlobalSection
	GlobalSection(SolutionProperties) = preSolution
		HideSolutionNode = FALSE
	EndGlobalSection
	GlobalSection(ExtensibilityGlobals) = postSolution
		SolutionGuid = {D358218C-F5F9-4E1D-9B99-A369354CB9DF}
	EndGlobalSection
EndGlobal
